
Microsoft Visual Studio Solution File, Format Version 12.00
# Visual Studio 15
Project("{FAE04EC0-301F-11D3-BF4B-00C04F79EFBC}") = "MovieCategorizer_ObjectOrientedProgrammingExercise", "MovieCategorizer_ObjectOrientedProgrammingExercise\MovieCategorizer_ObjectOrientedProgrammingExercise.csproj", "{BDE73CF8-A7AD-4ABB-A7AF-86373953B0B1}"
EndProject
Global
	GlobalSection(SolutionConfigurationPlatforms) = preSolution
		Debug|Any CPU = Debug|Any CPU
		Release|Any CPU = Release|Any CPU
	EndGlobalSection
	GlobalSection(ProjectConfigurationPlatforms) = postSolution
		{BDE73CF8-A7AD-4ABB-A7AF-86373953B0B1}.Debug|Any CPU.ActiveCfg = Debug|Any CPU
		{BDE73CF8-A7AD-4ABB-A7AF-86373953B0B1}.Debug|Any CPU.Build.0 = Debug|Any CPU
		{BDE73CF8-A7AD-4ABB-A7AF-86373953B0B1}.Release|Any CPU.ActiveCfg = Release|Any CPU
		{BDE73CF8-A7AD-4ABB-A7AF-86373953B0B1}.Release|Any CPU.Build.0 = Release|Any CPU
	EndGlobalSection
EndGlobal
